
Microsoft Visual Studio Solution File, Format Version 12.00
# Visual Studio Version 17
VisualStudioVersion = 17.6.33801.468
MinimumVisualStudioVersion = 10.0.40219.1
Project("{9092AA53-FB77-4645-B42D-1CCCA6BD08BD}") = "DOJO", "DOJO\DOJO.njsproj", "{ED4344B4-14B3-4567-8EC1-AC45D26A62F3}"
EndProject
Global
	GlobalSection(SolutionConfigurationPlatforms) = preSolution
		Debug|Any CPU = Debug|Any CPU
		Release|Any CPU = Release|Any CPU
	EndGlobalSection
	GlobalSection(ProjectConfigurationPlatforms) = postSolution
		{ED4344B4-14B3-4567-8EC1-AC45D26A62F3}.Debug|Any CPU.ActiveCfg = Debug|Any CPU
		{ED4344B4-14B3-4567-8EC1-AC45D26A62F3}.Debug|Any CPU.Build.0 = Debug|Any CPU
		{ED4344B4-14B3-4567-8EC1-AC45D26A62F3}.Release|Any CPU.ActiveCfg = Release|Any CPU
		{ED4344B4-14B3-4567-8EC1-AC45D26A62F3}.Release|Any CPU.Build.0 = Release|Any CPU
	EndGlobalSection
	GlobalSection(SolutionProperties) = preSolution
		HideSolutionNode = FALSE
	EndGlobalSection
	GlobalSection(ExtensibilityGlobals) = postSolution
		SolutionGuid = {F84D9B12-EF0E-4DD5-9DD6-475B97F15140}
	EndGlobalSection
EndGlobal
